
Microsoft Visual Studio Solution File, Format Version 12.00
# Visual Studio Version 17
VisualStudioVersion = 17.0.31903.59
MinimumVisualStudioVersion = 10.0.40219.1
Project("{FAE04EC0-301F-11D3-BF4B-00C04F79EFBC}") = "Atlas.RPG.UI", "Atlas.RPG.UI\Atlas.RPG.UI.csproj", "{865C9694-16A1-4429-BA72-6D0B1601B037}"
EndProject
Project("{FAE04EC0-301F-11D3-BF4B-00C04F79EFBC}") = "Atlas.RPG.Items", "Atlas.RPG.Items\Atlas.RPG.Items.csproj", "{57D087A6-6D2B-474F-AA45-4A53303772B8}"
EndProject
Global
	GlobalSection(SolutionConfigurationPlatforms) = preSolution
		Debug|Any CPU = Debug|Any CPU
		Release|Any CPU = Release|Any CPU
	EndGlobalSection
	GlobalSection(SolutionProperties) = preSolution
		HideSolutionNode = FALSE
	EndGlobalSection
	GlobalSection(ProjectConfigurationPlatforms) = postSolution
		{865C9694-16A1-4429-BA72-6D0B1601B037}.Debug|Any CPU.ActiveCfg = Debug|Any CPU
		{865C9694-16A1-4429-BA72-6D0B1601B037}.Debug|Any CPU.Build.0 = Debug|Any CPU
		{865C9694-16A1-4429-BA72-6D0B1601B037}.Release|Any CPU.ActiveCfg = Release|Any CPU
		{865C9694-16A1-4429-BA72-6D0B1601B037}.Release|Any CPU.Build.0 = Release|Any CPU
		{57D087A6-6D2B-474F-AA45-4A53303772B8}.Debug|Any CPU.ActiveCfg = Debug|Any CPU
		{57D087A6-6D2B-474F-AA45-4A53303772B8}.Debug|Any CPU.Build.0 = Debug|Any CPU
		{57D087A6-6D2B-474F-AA45-4A53303772B8}.Release|Any CPU.ActiveCfg = Release|Any CPU
		{57D087A6-6D2B-474F-AA45-4A53303772B8}.Release|Any CPU.Build.0 = Release|Any CPU
	EndGlobalSection
EndGlobal
