
Microsoft Visual Studio Solution File, Format Version 12.00
# Visual Studio Version 17
VisualStudioVersion = 17.0.31903.59
MinimumVisualStudioVersion = 10.0.40219.1
Project("{FAE04EC0-301F-11D3-BF4B-00C04F79EFBC}") = "isVowel", "isVowel\isVowel.csproj", "{10176D65-161A-40B5-BBB6-B539B2BA280C}"
EndProject
Global
	GlobalSection(SolutionConfigurationPlatforms) = preSolution
		Debug|Any CPU = Debug|Any CPU
		Release|Any CPU = Release|Any CPU
	EndGlobalSection
	GlobalSection(SolutionProperties) = preSolution
		HideSolutionNode = FALSE
	EndGlobalSection
	GlobalSection(ProjectConfigurationPlatforms) = postSolution
		{10176D65-161A-40B5-BBB6-B539B2BA280C}.Debug|Any CPU.ActiveCfg = Debug|Any CPU
		{10176D65-161A-40B5-BBB6-B539B2BA280C}.Debug|Any CPU.Build.0 = Debug|Any CPU
		{10176D65-161A-40B5-BBB6-B539B2BA280C}.Release|Any CPU.ActiveCfg = Release|Any CPU
		{10176D65-161A-40B5-BBB6-B539B2BA280C}.Release|Any CPU.Build.0 = Release|Any CPU
	EndGlobalSection
EndGlobal
